schema: '2.0'
stages:
  candidate_prepare:
    cmd: python steps/1_preparation/candidates_preparation.py data/djinni data/prepared
    deps:
    - path: data/djinni
      hash: md5
      md5: 5ff70f3e8862f06a404c09a7eca5cd0f.dir
      size: 1276445163
      nfiles: 5
    - path: steps/1_preparation/
      hash: md5
      md5: edfe5f8b5b998cc6897d0ca963d1504d.dir
      size: 26421
      nfiles: 10
    - path: steps/1_preparation/candidates_preparation.py
      hash: md5
      md5: 0d119859b0cb5f0a65a09c74e17a1d33
      size: 1299
    params:
      params.yaml:
        candidate_prepare.input_file: candidates.csv
        candidate_prepare.output_file: candidates_prepared.csv
    outs:
    - path: data/prepared
      hash: md5
      md5: dc397ba247c7241b8396d32c9a8ae067.dir
      size: 116515
      nfiles: 1
